
Microsoft Visual Studio Solution File, Format Version 12.00
# Visual Studio Version 16
VisualStudioVersion = 16.0.29728.190
MinimumVisualStudioVersion = 10.0.40219.1
Project("{FAE04EC0-301F-11D3-BF4B-00C04F79EFBC}") = "Challenger14", "Challenger14\Challenger14.csproj", "{D7467261-7E0D-472A-BB07-3B27F56A253D}"
EndProject
Global
	GlobalSection(SolutionConfigurationPlatforms) = preSolution
		Debug|Any CPU = Debug|Any CPU
		Release|Any CPU = Release|Any CPU
	EndGlobalSection
	GlobalSection(ProjectConfigurationPlatforms) = postSolution
		{D7467261-7E0D-472A-BB07-3B27F56A253D}.Debug|Any CPU.ActiveCfg = Debug|Any CPU
		{D7467261-7E0D-472A-BB07-3B27F56A253D}.Debug|Any CPU.Build.0 = Debug|Any CPU
		{D7467261-7E0D-472A-BB07-3B27F56A253D}.Release|Any CPU.ActiveCfg = Release|Any CPU
		{D7467261-7E0D-472A-BB07-3B27F56A253D}.Release|Any CPU.Build.0 = Release|Any CPU
	EndGlobalSection
	GlobalSection(SolutionProperties) = preSolution
		HideSolutionNode = FALSE
	EndGlobalSection
	GlobalSection(ExtensibilityGlobals) = postSolution
		SolutionGuid = {259B41D4-F8A8-443C-B707-C581DBFF4CAB}
	EndGlobalSection
EndGlobal
