
Microsoft Visual Studio Solution File, Format Version 12.00
# Visual Studio Version 16
VisualStudioVersion = 16.0.29728.190
MinimumVisualStudioVersion = 10.0.40219.1
Project("{FAE04EC0-301F-11D3-BF4B-00C04F79EFBC}") = "CHALLENGER5", "CHALLENGER5\CHALLENGER5.csproj", "{F7B560E9-8F9B-426F-9223-6AB5CC507ED3}"
EndProject
Global
	GlobalSection(SolutionConfigurationPlatforms) = preSolution
		Debug|Any CPU = Debug|Any CPU
		Release|Any CPU = Release|Any CPU
	EndGlobalSection
	GlobalSection(ProjectConfigurationPlatforms) = postSolution
		{F7B560E9-8F9B-426F-9223-6AB5CC507ED3}.Debug|Any CPU.ActiveCfg = Debug|Any CPU
		{F7B560E9-8F9B-426F-9223-6AB5CC507ED3}.Debug|Any CPU.Build.0 = Debug|Any CPU
		{F7B560E9-8F9B-426F-9223-6AB5CC507ED3}.Release|Any CPU.ActiveCfg = Release|Any CPU
		{F7B560E9-8F9B-426F-9223-6AB5CC507ED3}.Release|Any CPU.Build.0 = Release|Any CPU
	EndGlobalSection
	GlobalSection(SolutionProperties) = preSolution
		HideSolutionNode = FALSE
	EndGlobalSection
	GlobalSection(ExtensibilityGlobals) = postSolution
		SolutionGuid = {9C81481A-0576-4A37-8C53-AA180B94E45C}
	EndGlobalSection
EndGlobal
