
Microsoft Visual Studio Solution File, Format Version 12.00
# Visual Studio Version 16
VisualStudioVersion = 16.0.29728.190
MinimumVisualStudioVersion = 10.0.40219.1
Project("{FAE04EC0-301F-11D3-BF4B-00C04F79EFBC}") = "Challenger61", "Challenger61\Challenger61.csproj", "{EC072915-98A8-4159-B141-A65503E80EEE}"
EndProject
Global
	GlobalSection(SolutionConfigurationPlatforms) = preSolution
		Debug|Any CPU = Debug|Any CPU
		Release|Any CPU = Release|Any CPU
	EndGlobalSection
	GlobalSection(ProjectConfigurationPlatforms) = postSolution
		{EC072915-98A8-4159-B141-A65503E80EEE}.Debug|Any CPU.ActiveCfg = Debug|Any CPU
		{EC072915-98A8-4159-B141-A65503E80EEE}.Debug|Any CPU.Build.0 = Debug|Any CPU
		{EC072915-98A8-4159-B141-A65503E80EEE}.Release|Any CPU.ActiveCfg = Release|Any CPU
		{EC072915-98A8-4159-B141-A65503E80EEE}.Release|Any CPU.Build.0 = Release|Any CPU
	EndGlobalSection
	GlobalSection(SolutionProperties) = preSolution
		HideSolutionNode = FALSE
	EndGlobalSection
	GlobalSection(ExtensibilityGlobals) = postSolution
		SolutionGuid = {B0EC73AD-8067-42E2-8E0A-966DCCF5F3A8}
	EndGlobalSection
EndGlobal
