
Microsoft Visual Studio Solution File, Format Version 12.00
# Visual Studio Version 16
VisualStudioVersion = 16.0.29728.190
MinimumVisualStudioVersion = 10.0.40219.1
Project("{FAE04EC0-301F-11D3-BF4B-00C04F79EFBC}") = "CHALLENGER32", "CHALLENGER32\CHALLENGER32.csproj", "{80B524FB-541E-4486-8A45-AA94E3F9AA56}"
EndProject
Global
	GlobalSection(SolutionConfigurationPlatforms) = preSolution
		Debug|Any CPU = Debug|Any CPU
		Release|Any CPU = Release|Any CPU
	EndGlobalSection
	GlobalSection(ProjectConfigurationPlatforms) = postSolution
		{80B524FB-541E-4486-8A45-AA94E3F9AA56}.Debug|Any CPU.ActiveCfg = Debug|Any CPU
		{80B524FB-541E-4486-8A45-AA94E3F9AA56}.Debug|Any CPU.Build.0 = Debug|Any CPU
		{80B524FB-541E-4486-8A45-AA94E3F9AA56}.Release|Any CPU.ActiveCfg = Release|Any CPU
		{80B524FB-541E-4486-8A45-AA94E3F9AA56}.Release|Any CPU.Build.0 = Release|Any CPU
	EndGlobalSection
	GlobalSection(SolutionProperties) = preSolution
		HideSolutionNode = FALSE
	EndGlobalSection
	GlobalSection(ExtensibilityGlobals) = postSolution
		SolutionGuid = {A19F7DFB-74A6-4113-A8DD-AAC1C714D0AF}
	EndGlobalSection
EndGlobal
