
Microsoft Visual Studio Solution File, Format Version 12.00
# Visual Studio Version 16
VisualStudioVersion = 16.0.29728.190
MinimumVisualStudioVersion = 10.0.40219.1
Project("{FAE04EC0-301F-11D3-BF4B-00C04F79EFBC}") = "CHALLENGER47", "CHALLENGER47\CHALLENGER47.csproj", "{B2D6D05F-501C-44E8-A222-8E6BC3711A37}"
EndProject
Global
	GlobalSection(SolutionConfigurationPlatforms) = preSolution
		Debug|Any CPU = Debug|Any CPU
		Release|Any CPU = Release|Any CPU
	EndGlobalSection
	GlobalSection(ProjectConfigurationPlatforms) = postSolution
		{B2D6D05F-501C-44E8-A222-8E6BC3711A37}.Debug|Any CPU.ActiveCfg = Debug|Any CPU
		{B2D6D05F-501C-44E8-A222-8E6BC3711A37}.Debug|Any CPU.Build.0 = Debug|Any CPU
		{B2D6D05F-501C-44E8-A222-8E6BC3711A37}.Release|Any CPU.ActiveCfg = Release|Any CPU
		{B2D6D05F-501C-44E8-A222-8E6BC3711A37}.Release|Any CPU.Build.0 = Release|Any CPU
	EndGlobalSection
	GlobalSection(SolutionProperties) = preSolution
		HideSolutionNode = FALSE
	EndGlobalSection
	GlobalSection(ExtensibilityGlobals) = postSolution
		SolutionGuid = {B3998490-84E7-4A4F-B7F4-45ABDB593CEE}
	EndGlobalSection
EndGlobal
