
Microsoft Visual Studio Solution File, Format Version 12.00
# Visual Studio Version 16
VisualStudioVersion = 16.0.29728.190
MinimumVisualStudioVersion = 10.0.40219.1
Project("{FAE04EC0-301F-11D3-BF4B-00C04F79EFBC}") = "Challenger56", "Challenger56\Challenger56.csproj", "{351BA5F0-0A2B-4791-89EC-096563B77A88}"
EndProject
Global
	GlobalSection(SolutionConfigurationPlatforms) = preSolution
		Debug|Any CPU = Debug|Any CPU
		Release|Any CPU = Release|Any CPU
	EndGlobalSection
	GlobalSection(ProjectConfigurationPlatforms) = postSolution
		{351BA5F0-0A2B-4791-89EC-096563B77A88}.Debug|Any CPU.ActiveCfg = Debug|Any CPU
		{351BA5F0-0A2B-4791-89EC-096563B77A88}.Debug|Any CPU.Build.0 = Debug|Any CPU
		{351BA5F0-0A2B-4791-89EC-096563B77A88}.Release|Any CPU.ActiveCfg = Release|Any CPU
		{351BA5F0-0A2B-4791-89EC-096563B77A88}.Release|Any CPU.Build.0 = Release|Any CPU
	EndGlobalSection
	GlobalSection(SolutionProperties) = preSolution
		HideSolutionNode = FALSE
	EndGlobalSection
	GlobalSection(ExtensibilityGlobals) = postSolution
		SolutionGuid = {611E5C00-D6B7-4B54-96E9-990E48D3CD2B}
	EndGlobalSection
EndGlobal
