
Microsoft Visual Studio Solution File, Format Version 12.00
# Visual Studio Version 16
VisualStudioVersion = 16.0.29728.190
MinimumVisualStudioVersion = 10.0.40219.1
Project("{FAE04EC0-301F-11D3-BF4B-00C04F79EFBC}") = "Challenger64", "Challenger64\Challenger64.csproj", "{B974C9F2-6828-4A9F-94E2-8EB04913A8B5}"
EndProject
Global
	GlobalSection(SolutionConfigurationPlatforms) = preSolution
		Debug|Any CPU = Debug|Any CPU
		Release|Any CPU = Release|Any CPU
	EndGlobalSection
	GlobalSection(ProjectConfigurationPlatforms) = postSolution
		{B974C9F2-6828-4A9F-94E2-8EB04913A8B5}.Debug|Any CPU.ActiveCfg = Debug|Any CPU
		{B974C9F2-6828-4A9F-94E2-8EB04913A8B5}.Debug|Any CPU.Build.0 = Debug|Any CPU
		{B974C9F2-6828-4A9F-94E2-8EB04913A8B5}.Release|Any CPU.ActiveCfg = Release|Any CPU
		{B974C9F2-6828-4A9F-94E2-8EB04913A8B5}.Release|Any CPU.Build.0 = Release|Any CPU
	EndGlobalSection
	GlobalSection(SolutionProperties) = preSolution
		HideSolutionNode = FALSE
	EndGlobalSection
	GlobalSection(ExtensibilityGlobals) = postSolution
		SolutionGuid = {55D273C1-DAD5-43D1-ABFB-674422FF6015}
	EndGlobalSection
EndGlobal
