
Microsoft Visual Studio Solution File, Format Version 12.00
# Visual Studio Version 16
VisualStudioVersion = 16.0.29728.190
MinimumVisualStudioVersion = 10.0.40219.1
Project("{FAE04EC0-301F-11D3-BF4B-00C04F79EFBC}") = "Challenger48", "Challenger48\Challenger48.csproj", "{64205442-2342-467F-8756-786D6E2258BD}"
EndProject
Global
	GlobalSection(SolutionConfigurationPlatforms) = preSolution
		Debug|Any CPU = Debug|Any CPU
		Release|Any CPU = Release|Any CPU
	EndGlobalSection
	GlobalSection(ProjectConfigurationPlatforms) = postSolution
		{64205442-2342-467F-8756-786D6E2258BD}.Debug|Any CPU.ActiveCfg = Debug|Any CPU
		{64205442-2342-467F-8756-786D6E2258BD}.Debug|Any CPU.Build.0 = Debug|Any CPU
		{64205442-2342-467F-8756-786D6E2258BD}.Release|Any CPU.ActiveCfg = Release|Any CPU
		{64205442-2342-467F-8756-786D6E2258BD}.Release|Any CPU.Build.0 = Release|Any CPU
	EndGlobalSection
	GlobalSection(SolutionProperties) = preSolution
		HideSolutionNode = FALSE
	EndGlobalSection
	GlobalSection(ExtensibilityGlobals) = postSolution
		SolutionGuid = {370AC620-BE19-4C6F-B462-FB756AFCAE0D}
	EndGlobalSection
EndGlobal
