
Microsoft Visual Studio Solution File, Format Version 12.00
# Visual Studio Version 16
VisualStudioVersion = 16.0.29728.190
MinimumVisualStudioVersion = 10.0.40219.1
Project("{FAE04EC0-301F-11D3-BF4B-00C04F79EFBC}") = "Challenger18", "Challenger18\Challenger18.csproj", "{F3978075-BA10-4D6D-9726-95164E1BD33C}"
EndProject
Global
	GlobalSection(SolutionConfigurationPlatforms) = preSolution
		Debug|Any CPU = Debug|Any CPU
		Release|Any CPU = Release|Any CPU
	EndGlobalSection
	GlobalSection(ProjectConfigurationPlatforms) = postSolution
		{F3978075-BA10-4D6D-9726-95164E1BD33C}.Debug|Any CPU.ActiveCfg = Debug|Any CPU
		{F3978075-BA10-4D6D-9726-95164E1BD33C}.Debug|Any CPU.Build.0 = Debug|Any CPU
		{F3978075-BA10-4D6D-9726-95164E1BD33C}.Release|Any CPU.ActiveCfg = Release|Any CPU
		{F3978075-BA10-4D6D-9726-95164E1BD33C}.Release|Any CPU.Build.0 = Release|Any CPU
	EndGlobalSection
	GlobalSection(SolutionProperties) = preSolution
		HideSolutionNode = FALSE
	EndGlobalSection
	GlobalSection(ExtensibilityGlobals) = postSolution
		SolutionGuid = {B716728C-A4D2-4689-AB52-F2A8E343EFC2}
	EndGlobalSection
EndGlobal
