
Microsoft Visual Studio Solution File, Format Version 12.00
# Visual Studio Version 16
VisualStudioVersion = 16.0.29728.190
MinimumVisualStudioVersion = 10.0.40219.1
Project("{FAE04EC0-301F-11D3-BF4B-00C04F79EFBC}") = "CHALLENGER72", "CHALLENGER72\CHALLENGER72.csproj", "{1D9AB9F7-2000-42D0-A7F3-DC1F0FD8CF8E}"
EndProject
Global
	GlobalSection(SolutionConfigurationPlatforms) = preSolution
		Debug|Any CPU = Debug|Any CPU
		Release|Any CPU = Release|Any CPU
	EndGlobalSection
	GlobalSection(ProjectConfigurationPlatforms) = postSolution
		{1D9AB9F7-2000-42D0-A7F3-DC1F0FD8CF8E}.Debug|Any CPU.ActiveCfg = Debug|Any CPU
		{1D9AB9F7-2000-42D0-A7F3-DC1F0FD8CF8E}.Debug|Any CPU.Build.0 = Debug|Any CPU
		{1D9AB9F7-2000-42D0-A7F3-DC1F0FD8CF8E}.Release|Any CPU.ActiveCfg = Release|Any CPU
		{1D9AB9F7-2000-42D0-A7F3-DC1F0FD8CF8E}.Release|Any CPU.Build.0 = Release|Any CPU
	EndGlobalSection
	GlobalSection(SolutionProperties) = preSolution
		HideSolutionNode = FALSE
	EndGlobalSection
	GlobalSection(ExtensibilityGlobals) = postSolution
		SolutionGuid = {1EA84223-4745-48F2-95CC-BE6FDCDE31BC}
	EndGlobalSection
EndGlobal
