
Microsoft Visual Studio Solution File, Format Version 12.00
# Visual Studio Version 16
VisualStudioVersion = 16.0.29728.190
MinimumVisualStudioVersion = 10.0.40219.1
Project("{FAE04EC0-301F-11D3-BF4B-00C04F79EFBC}") = "challenger15", "challenger15\challenger15.csproj", "{C8A7CA1F-E13A-41FB-8670-D55B736109BD}"
EndProject
Global
	GlobalSection(SolutionConfigurationPlatforms) = preSolution
		Debug|Any CPU = Debug|Any CPU
		Release|Any CPU = Release|Any CPU
	EndGlobalSection
	GlobalSection(ProjectConfigurationPlatforms) = postSolution
		{C8A7CA1F-E13A-41FB-8670-D55B736109BD}.Debug|Any CPU.ActiveCfg = Debug|Any CPU
		{C8A7CA1F-E13A-41FB-8670-D55B736109BD}.Debug|Any CPU.Build.0 = Debug|Any CPU
		{C8A7CA1F-E13A-41FB-8670-D55B736109BD}.Release|Any CPU.ActiveCfg = Release|Any CPU
		{C8A7CA1F-E13A-41FB-8670-D55B736109BD}.Release|Any CPU.Build.0 = Release|Any CPU
	EndGlobalSection
	GlobalSection(SolutionProperties) = preSolution
		HideSolutionNode = FALSE
	EndGlobalSection
	GlobalSection(ExtensibilityGlobals) = postSolution
		SolutionGuid = {E7EABBCA-E20F-4C80-923B-7F42303D6D30}
	EndGlobalSection
EndGlobal
