
Microsoft Visual Studio Solution File, Format Version 12.00
# Visual Studio Version 16
VisualStudioVersion = 16.0.29728.190
MinimumVisualStudioVersion = 10.0.40219.1
Project("{FAE04EC0-301F-11D3-BF4B-00C04F79EFBC}") = "Challenger55", "Challenger55\Challenger55.csproj", "{AD48D173-9E6B-486E-8D88-9658BC571802}"
EndProject
Global
	GlobalSection(SolutionConfigurationPlatforms) = preSolution
		Debug|Any CPU = Debug|Any CPU
		Release|Any CPU = Release|Any CPU
	EndGlobalSection
	GlobalSection(ProjectConfigurationPlatforms) = postSolution
		{AD48D173-9E6B-486E-8D88-9658BC571802}.Debug|Any CPU.ActiveCfg = Debug|Any CPU
		{AD48D173-9E6B-486E-8D88-9658BC571802}.Debug|Any CPU.Build.0 = Debug|Any CPU
		{AD48D173-9E6B-486E-8D88-9658BC571802}.Release|Any CPU.ActiveCfg = Release|Any CPU
		{AD48D173-9E6B-486E-8D88-9658BC571802}.Release|Any CPU.Build.0 = Release|Any CPU
	EndGlobalSection
	GlobalSection(SolutionProperties) = preSolution
		HideSolutionNode = FALSE
	EndGlobalSection
	GlobalSection(ExtensibilityGlobals) = postSolution
		SolutionGuid = {7FF63614-3F2C-4BAF-AD76-54FE15720B00}
	EndGlobalSection
EndGlobal
