
Microsoft Visual Studio Solution File, Format Version 12.00
# Visual Studio Version 16
VisualStudioVersion = 16.0.29728.190
MinimumVisualStudioVersion = 10.0.40219.1
Project("{FAE04EC0-301F-11D3-BF4B-00C04F79EFBC}") = "Challenger62", "Challenger62\Challenger62.csproj", "{03A8D7CD-67C7-4484-ACFD-A30D69A2E78B}"
EndProject
Global
	GlobalSection(SolutionConfigurationPlatforms) = preSolution
		Debug|Any CPU = Debug|Any CPU
		Release|Any CPU = Release|Any CPU
	EndGlobalSection
	GlobalSection(ProjectConfigurationPlatforms) = postSolution
		{03A8D7CD-67C7-4484-ACFD-A30D69A2E78B}.Debug|Any CPU.ActiveCfg = Debug|Any CPU
		{03A8D7CD-67C7-4484-ACFD-A30D69A2E78B}.Debug|Any CPU.Build.0 = Debug|Any CPU
		{03A8D7CD-67C7-4484-ACFD-A30D69A2E78B}.Release|Any CPU.ActiveCfg = Release|Any CPU
		{03A8D7CD-67C7-4484-ACFD-A30D69A2E78B}.Release|Any CPU.Build.0 = Release|Any CPU
	EndGlobalSection
	GlobalSection(SolutionProperties) = preSolution
		HideSolutionNode = FALSE
	EndGlobalSection
	GlobalSection(ExtensibilityGlobals) = postSolution
		SolutionGuid = {DD699DCC-7F04-4364-A1D2-79A891F8D62D}
	EndGlobalSection
EndGlobal
