
Microsoft Visual Studio Solution File, Format Version 12.00
# Visual Studio Version 16
VisualStudioVersion = 16.0.29728.190
MinimumVisualStudioVersion = 10.0.40219.1
Project("{FAE04EC0-301F-11D3-BF4B-00C04F79EFBC}") = "Challenger59", "Challenger59\Challenger59.csproj", "{ABA1ECE9-639C-47CC-822B-02DD2D30F8EC}"
EndProject
Global
	GlobalSection(SolutionConfigurationPlatforms) = preSolution
		Debug|Any CPU = Debug|Any CPU
		Release|Any CPU = Release|Any CPU
	EndGlobalSection
	GlobalSection(ProjectConfigurationPlatforms) = postSolution
		{ABA1ECE9-639C-47CC-822B-02DD2D30F8EC}.Debug|Any CPU.ActiveCfg = Debug|Any CPU
		{ABA1ECE9-639C-47CC-822B-02DD2D30F8EC}.Debug|Any CPU.Build.0 = Debug|Any CPU
		{ABA1ECE9-639C-47CC-822B-02DD2D30F8EC}.Release|Any CPU.ActiveCfg = Release|Any CPU
		{ABA1ECE9-639C-47CC-822B-02DD2D30F8EC}.Release|Any CPU.Build.0 = Release|Any CPU
	EndGlobalSection
	GlobalSection(SolutionProperties) = preSolution
		HideSolutionNode = FALSE
	EndGlobalSection
	GlobalSection(ExtensibilityGlobals) = postSolution
		SolutionGuid = {3689848D-5E09-4E10-B878-97244B934F72}
	EndGlobalSection
EndGlobal
